{
  "meteor": {},
  "dependencies": {
    "basePackages": {
      "foundation": {},
      "jquery-ui": {},
      "chartjs": {},
      "cron-tick": {},
      "zurb-foundation": {},
      "accounts-ui-bootstrap-3": {},
      "device-detection": {},
      "modernizr-meteor": {},
      "async": {}
    },
    "packages": {
      "foundation": {
        "git": "https://github.com/ewall/meteor-foundation.git",
        "tag": "v4.3.2",
        "commit": "4cd0dc6ac5c69bf7477917a836d9078262d273a0"
      },
      "jquery-ui": {
        "git": "https://github.com/TimHeckel/meteor-jquery-ui.git",
        "tag": "v1.9.2",
        "commit": "c437d45edcf1367df8d5ffa8bad2867758030bd2"
      },
      "chartjs": {
        "git": "https://github.com/donskifarrell/meteor-chartjs.git",
        "tag": "v0.0.4",
        "commit": "9d2adcd1de3728c8227e8eb7da0dcb2e0df21d0b"
      },
      "cron-tick": {
        "git": "https://github.com/tmeasday/meteor-cron.git",
        "tag": "v0.0.4",
        "commit": "44cff9116af510fe53704fdeeff57c444ceb75ba"
      },
      "zurb-foundation": {
        "git": "https://github.com/MixinLabs/meteor-foundation.git",
        "tag": "v0.1.8",
        "commit": "1df073584c45582ce9d6fe6a42aa46e5de39eb9c"
      },
      "accounts-ui-bootstrap-3": {
        "git": "https://github.com/mangasocial/meteor-accounts-ui-bootstrap-3.git",
        "tag": "v0.2.4",
        "commit": "cdbd20eb065310c0cc302bbd5f22e5b2121c769a"
      },
      "device-detection": {
        "git": "https://github.com/Mystor/meteor-device-detection.git",
        "tag": "v0.1.4",
        "commit": "9c8db3c2f7d7bd59b361697ab63f006c05aaf089"
      },
      "modernizr-meteor": {
        "git": "https://github.com/ckir/modernizr-meteor.git",
        "tag": "v2.6.2",
        "commit": "391ca2a3beff3cd2b0e1099cb2d744b5a2e8a73e"
      },
      "async": {
        "git": "https://github.com/peerlibrary/meteor-async.git",
        "tag": "v0.2.9.3",
        "commit": "e95ab2eadd39c78261db3f8ef96bcb9e0b36bd81"
      }
    }
  }
}
